<?xml version="1.0" encoding="utf-8"?>
<Project ToolsVersion="4.0" xmlns="http://schemas.microsoft.com/developer/msbuild/2003">
  <ItemGroup>
    <Filter Include="codice">
      <UniqueIdentifier>{4FC737F1-C7A5-4376-A066-2A32D752A2FF}</UniqueIdentifier>
      <Extensions>cpp;c;cc;cxx;def;odl;idl;hpj;bat;asm;asmx</Extensions>
    </Filter>
    <Filter Include="codice\Gui">
      <UniqueIdentifier>{64879921-915f-4b1a-b198-8f7fffd309a2}</UniqueIdentifier>
    </Filter>
    <Filter Include="codice\Gui\imgui">
      <UniqueIdentifier>{43efa3fa-619d-4709-991a-6d1a35bfd127}</UniqueIdentifier>
    </Filter>
    <Filter Include="codice\Simulation">
      <UniqueIdentifier>{9975847d-1f01-4a3c-b0f0-e56524d53d2e}</UniqueIdentifier>
    </Filter>
    <Filter Include="Test">
      <UniqueIdentifier>{9afd031d-40d5-4766-a40a-9617ae29975f}</UniqueIdentifier>
    </Filter>
  </ItemGroup>
  <ItemGroup>
    <ClCompile Include="SmallPrixManager.cpp">
      <Filter>codice</Filter>
    </ClCompile>
    <ClCompile Include="Gui\Gui.cpp">
      <Filter>codice\Gui</Filter>
    </ClCompile>
    <ClCompile Include="Gui\PolyLine.cpp">
      <Filter>codice\Gui</Filter>
    </ClCompile>
    <ClCompile Include="Simulation\Bezier.cpp">
      <Filter>codice\Simulation</Filter>
    </ClCompile>
    <ClCompile Include="Test\Simulation\BezierTest.cpp">
      <Filter>Test</Filter>
    </ClCompile>
    <ClCompile Include="Gui\BezierAdapter.cpp">
      <Filter>codice\Gui</Filter>
    </ClCompile>
    <ClCompile Include="Simulation\TangentCircle.cpp">
      <Filter>codice</Filter>
    </ClCompile>
    <ClCompile Include="Test\Simulation\TangentCircleTest.cpp">
      <Filter>codice</Filter>
    </ClCompile>
    <ClCompile Include="Test\Simulation\MathTest.cpp">
      <Filter>codice</Filter>
    </ClCompile>
    <ClCompile Include="Simulation\Math.cpp">
      <Filter>codice</Filter>
    </ClCompile>
    <ClCompile Include="Gui\PointConversion.cpp">
      <Filter>codice</Filter>
    </ClCompile>
    <ClCompile Include="Test\Simulation\TrackTest.cpp">
      <Filter>codice</Filter>
    </ClCompile>
    <ClCompile Include="Simulation\Model.cpp">
      <Filter>codice</Filter>
    </ClCompile>
    <ClCompile Include="Simulation\VehicleDinamic.cpp">
      <Filter>codice</Filter>
    </ClCompile>
    <ClCompile Include="Test\Simulation\VehicleDinamicTest.cpp">
      <Filter>codice</Filter>
    </ClCompile>
    <ClCompile Include="Simulation\Track.cpp">
      <Filter>codice</Filter>
    </ClCompile>
    <ClCompile Include="Database\tinyxml2.cpp">
      <Filter>codice</Filter>
    </ClCompile>
    <ClCompile Include="Database\Database.cpp">
      <Filter>codice</Filter>
    </ClCompile>
    <ClCompile Include="Test\Database\DatabaseTest.cpp">
      <Filter>codice</Filter>
    </ClCompile>
    <ClCompile Include="Gui\imgui\imgui.cpp">
      <Filter>codice</Filter>
    </ClCompile>
    <ClCompile Include="Gui\imgui\imgui_demo.cpp">
      <Filter>codice</Filter>
    </ClCompile>
    <ClCompile Include="Gui\imgui\imgui_draw.cpp">
      <Filter>codice</Filter>
    </ClCompile>
    <ClCompile Include="Gui\imgui\imgui_impl_sdl.cpp">
      <Filter>codice</Filter>
    </ClCompile>
    <ClCompile Include="Gui\imgui\imgui_tables.cpp">
      <Filter>codice</Filter>
    </ClCompile>
    <ClCompile Include="Gui\imgui\imgui_widgets.cpp">
      <Filter>codice</Filter>
    </ClCompile>
    <ClCompile Include="Gui\imgui\imgui_impl_sdlrenderer.cpp">
      <Filter>codice</Filter>
    </ClCompile>
  </ItemGroup>
  <ItemGroup>
    <ClInclude Include="Gui\Gui.h">
      <Filter>codice\Gui</Filter>
    </ClInclude>
    <ClInclude Include="Gui\PolyLine.h">
      <Filter>codice\Gui</Filter>
    </ClInclude>
    <ClInclude Include="Simulation\Bezier.h">
      <Filter>codice\Simulation</Filter>
    </ClInclude>
    <ClInclude Include="Gui\BezierAdapter.h">
      <Filter>codice\Gui</Filter>
    </ClInclude>
    <ClInclude Include="Simulation\TangentCircle.h" />
    <ClInclude Include="Simulation\Math.h" />
    <ClInclude Include="Gui\PointConversion.h" />
    <ClInclude Include="Simulation\Model.h" />
    <ClInclude Include="Simulation\VehicleDinamic.h" />
    <ClInclude Include="Simulation\Track.h" />
    <ClInclude Include="Database\tinyxml2.h" />
    <ClInclude Include="Database\Database.h" />
    <ClInclude Include="Gui\imgui\imconfig.h" />
    <ClInclude Include="Gui\imgui\imgui.h" />
    <ClInclude Include="Gui\imgui\imgui_impl_sdl.h" />
    <ClInclude Include="Gui\imgui\imgui_internal.h" />
    <ClInclude Include="Gui\imgui\imstb_rectpack.h" />
    <ClInclude Include="Gui\imgui\imstb_textedit.h" />
    <ClInclude Include="Gui\imgui\imstb_truetype.h" />
    <ClInclude Include="Gui\imgui\imgui_impl_sdlrenderer.h" />
  </ItemGroup>
  <ItemGroup>
    <Text Include="Test\Assets\TestAsset_TrackDatabase.xml" />
  </ItemGroup>
  <ItemGroup>
    <CopyFileToFolders Include="Assets\imgui.ini" />
    <CopyFileToFolders Include="Assets\Tracks.xml" />
  </ItemGroup>
</Project>